
Microsoft Visual Studio Solution File, Format Version 12.00
# Visual Studio Version 17
VisualStudioVersion = 17.8.34525.116
MinimumVisualStudioVersion = 10.0.40219.1
Project("{FAE04EC0-301F-11D3-BF4B-00C04F79EFBC}") = "ProblemSolving", "ProblemSolving\ProblemSolving.csproj", "{1E18E542-CAAF-42E0-8C20-60B93028E4CE}"
EndProject
Global
	GlobalSection(SolutionConfigurationPlatforms) = preSolution
		Debug|Any CPU = Debug|Any CPU
		Release|Any CPU = Release|Any CPU
	EndGlobalSection
	GlobalSection(ProjectConfigurationPlatforms) = postSolution
		{1E18E542-CAAF-42E0-8C20-60B93028E4CE}.Debug|Any CPU.ActiveCfg = Debug|Any CPU
		{1E18E542-CAAF-42E0-8C20-60B93028E4CE}.Debug|Any CPU.Build.0 = Debug|Any CPU
		{1E18E542-CAAF-42E0-8C20-60B93028E4CE}.Release|Any CPU.ActiveCfg = Release|Any CPU
		{1E18E542-CAAF-42E0-8C20-60B93028E4CE}.Release|Any CPU.Build.0 = Release|Any CPU
	EndGlobalSection
	GlobalSection(SolutionProperties) = preSolution
		HideSolutionNode = FALSE
	EndGlobalSection
	GlobalSection(ExtensibilityGlobals) = postSolution
		SolutionGuid = {42D33B2C-53CD-40B6-ABA6-455699806FA5}
	EndGlobalSection
EndGlobal
